
Microsoft Visual Studio Solution File, Format Version 12.00
# Visual Studio Version 17
VisualStudioVersion = 17.8.34322.80
MinimumVisualStudioVersion = 10.0.40219.1
Project("{9A19103F-16F7-4668-BE54-9A1E7A4F7556}") = "PetShopWeb", "PetShopWeb\PetShopWeb.csproj", "{92E6ABFF-1DA5-4E0F-99C0-79FCAFDFDFA6}"
EndProject
Project("{9A19103F-16F7-4668-BE54-9A1E7A4F7556}") = "Domain", "TodoList\Domain.csproj", "{A7492F1B-A62D-4B8E-9C0D-D6C37536FC57}"
EndProject
Global
	GlobalSection(SolutionConfigurationPlatforms) = preSolution
		Debug|Any CPU = Debug|Any CPU
		Release|Any CPU = Release|Any CPU
	EndGlobalSection
	GlobalSection(ProjectConfigurationPlatforms) = postSolution
		{92E6ABFF-1DA5-4E0F-99C0-79FCAFDFDFA6}.Debug|Any CPU.ActiveCfg = Debug|Any CPU
		{92E6ABFF-1DA5-4E0F-99C0-79FCAFDFDFA6}.Debug|Any CPU.Build.0 = Debug|Any CPU
		{92E6ABFF-1DA5-4E0F-99C0-79FCAFDFDFA6}.Release|Any CPU.ActiveCfg = Release|Any CPU
		{92E6ABFF-1DA5-4E0F-99C0-79FCAFDFDFA6}.Release|Any CPU.Build.0 = Release|Any CPU
		{A7492F1B-A62D-4B8E-9C0D-D6C37536FC57}.Debug|Any CPU.ActiveCfg = Debug|Any CPU
		{A7492F1B-A62D-4B8E-9C0D-D6C37536FC57}.Debug|Any CPU.Build.0 = Debug|Any CPU
		{A7492F1B-A62D-4B8E-9C0D-D6C37536FC57}.Release|Any CPU.ActiveCfg = Release|Any CPU
		{A7492F1B-A62D-4B8E-9C0D-D6C37536FC57}.Release|Any CPU.Build.0 = Release|Any CPU
	EndGlobalSection
	GlobalSection(SolutionProperties) = preSolution
		HideSolutionNode = FALSE
	EndGlobalSection
	GlobalSection(ExtensibilityGlobals) = postSolution
		SolutionGuid = {0762CCF4-A63E-44DD-8736-6F6D421821E3}
	EndGlobalSection
EndGlobal
